
Microsoft Visual Studio Solution File, Format Version 12.00
# Visual Studio 15
VisualStudioVersion = 15.0.27703.2026
MinimumVisualStudioVersion = 10.0.40219.1
Project("{9A19103F-16F7-4668-BE54-9A1E7A4F7556}") = "SeeingSharp", "SeeingSharp\SeeingSharp.csproj", "{D81A4B09-9569-4EAD-AA4D-D2012ED30CBC}"
EndProject
Project("{2150E333-8FDC-42A3-9474-1A3956D46DE8}") = "_", "_", "{45456675-CCCE-4C64-A0EC-660B8087B5D8}"
	ProjectSection(SolutionItems) = preProject
		.gitignore = .gitignore
		LICENSE = LICENSE
	EndProjectSection
EndProject
Project("{2150E333-8FDC-42A3-9474-1A3956D46DE8}") = "_Misc", "_Misc", "{66734858-5FC7-486B-8FB7-8D6E86870BB0}"
	ProjectSection(SolutionItems) = preProject
		_Misc\_SeeingSharp.Multimedia.licenseheader = _Misc\_SeeingSharp.Multimedia.licenseheader
		_Misc\_SeeingSharp.Tools.licenseheader = _Misc\_SeeingSharp.Tools.licenseheader
		_Misc\SolutionInfo.cs = _Misc\SolutionInfo.cs
	EndProjectSection
EndProject
Project("{FAE04EC0-301F-11D3-BF4B-00C04F79EFBC}") = "SeeingSharp.Tests", "SeeingSharp.Tests\SeeingSharp.Tests.csproj", "{4FA605DB-7FC0-46A1-9741-5B07E394D5A3}"
EndProject
Project("{FAE04EC0-301F-11D3-BF4B-00C04F79EFBC}") = "SeeingSharp.Desktop", "SeeingSharp.Desktop\SeeingSharp.Desktop.csproj", "{A4B14753-77FD-42D4-80E3-BA9DDB80AC34}"
EndProject
Project("{2150E333-8FDC-42A3-9474-1A3956D46DE8}") = "TestApps", "TestApps", "{B1AA1C6C-C8CD-4A8C-9505-DC7596522C34}"
EndProject
Project("{2150E333-8FDC-42A3-9474-1A3956D46DE8}") = "_Build", "_Build", "{058F4824-3E5D-4011-B1B8-3E1CCFA1F12C}"
EndProject
Global
	GlobalSection(SolutionConfigurationPlatforms) = preSolution
		Debug|Any CPU = Debug|Any CPU
		Release|Any CPU = Release|Any CPU
	EndGlobalSection
	GlobalSection(ProjectConfigurationPlatforms) = postSolution
		{D81A4B09-9569-4EAD-AA4D-D2012ED30CBC}.Debug|Any CPU.ActiveCfg = Debug|Any CPU
		{D81A4B09-9569-4EAD-AA4D-D2012ED30CBC}.Debug|Any CPU.Build.0 = Debug|Any CPU
		{D81A4B09-9569-4EAD-AA4D-D2012ED30CBC}.Release|Any CPU.ActiveCfg = Release|Any CPU
		{D81A4B09-9569-4EAD-AA4D-D2012ED30CBC}.Release|Any CPU.Build.0 = Release|Any CPU
		{4FA605DB-7FC0-46A1-9741-5B07E394D5A3}.Debug|Any CPU.ActiveCfg = Debug|Any CPU
		{4FA605DB-7FC0-46A1-9741-5B07E394D5A3}.Debug|Any CPU.Build.0 = Debug|Any CPU
		{4FA605DB-7FC0-46A1-9741-5B07E394D5A3}.Release|Any CPU.ActiveCfg = Release|Any CPU
		{4FA605DB-7FC0-46A1-9741-5B07E394D5A3}.Release|Any CPU.Build.0 = Release|Any CPU
		{A4B14753-77FD-42D4-80E3-BA9DDB80AC34}.Debug|Any CPU.ActiveCfg = Debug|Any CPU
		{A4B14753-77FD-42D4-80E3-BA9DDB80AC34}.Debug|Any CPU.Build.0 = Debug|Any CPU
		{A4B14753-77FD-42D4-80E3-BA9DDB80AC34}.Release|Any CPU.ActiveCfg = Release|Any CPU
		{A4B14753-77FD-42D4-80E3-BA9DDB80AC34}.Release|Any CPU.Build.0 = Release|Any CPU
	EndGlobalSection
	GlobalSection(SolutionProperties) = preSolution
		HideSolutionNode = FALSE
	EndGlobalSection
	GlobalSection(ExtensibilityGlobals) = postSolution
		SolutionGuid = {0F49729B-7B64-4341-BE26-B12CF5E5D93B}
	EndGlobalSection
EndGlobal
