
Microsoft Visual Studio Solution File, Format Version 12.00
# Visual Studio Version 16
VisualStudioVersion = 16.0.28803.202
MinimumVisualStudioVersion = 10.0.40219.1
Project("{2150E333-8FDC-42A3-9474-1A3956D46DE8}") = "Samples", "Samples", "{790928B0-DED6-4996-9BAE-421B79C36561}"
EndProject
Project("{9A19103F-16F7-4668-BE54-9A1E7A4F7556}") = "SeeingSharp.WinForms", "SeeingSharp.WinForms\SeeingSharp.WinForms.csproj", "{A4B14753-77FD-42D4-80E3-BA9DDB80AC34}"
EndProject
Project("{FAE04EC0-301F-11D3-BF4B-00C04F79EFBC}") = "SeeingSharp.Uwp", "SeeingSharp.Uwp\SeeingSharp.Uwp.csproj", "{5988C93B-E668-4171-BCAE-7CB6E88920C9}"
EndProject
Project("{9A19103F-16F7-4668-BE54-9A1E7A4F7556}") = "SeeingSharp.Wpf", "SeeingSharp.Wpf\SeeingSharp.Wpf.csproj", "{4D0FF6E2-AE9F-4B80-9285-CB4B8141A439}"
EndProject
Project("{9A19103F-16F7-4668-BE54-9A1E7A4F7556}") = "SeeingSharp", "SeeingSharp\SeeingSharp.csproj", "{74AA889D-5C0E-4AC1-B37E-BFB75E5236C4}"
EndProject
Project("{9A19103F-16F7-4668-BE54-9A1E7A4F7556}") = "SeeingSharp.Tests", "SeeingSharp.Tests\SeeingSharp.Tests.csproj", "{4FA605DB-7FC0-46A1-9741-5B07E394D5A3}"
EndProject
Project("{2150E333-8FDC-42A3-9474-1A3956D46DE8}") = "_Misc", "_Misc", "{4B6075B0-74B1-441E-8FF8-43754C876B1D}"
	ProjectSection(SolutionItems) = preProject
		_Misc\_SeeingSharp.Multimedia.licenseheader = _Misc\_SeeingSharp.Multimedia.licenseheader
	EndProjectSection
EndProject
Project("{2150E333-8FDC-42A3-9474-1A3956D46DE8}") = "_Root", "_Root", "{C8DD9966-EFF6-44CD-815F-1A30329AF41C}"
	ProjectSection(SolutionItems) = preProject
		.gitattributes = .gitattributes
		.gitignore = .gitignore
		Directory.Build.props = Directory.Build.props
		LICENSE.md = LICENSE.md
		README.md = README.md
		Resharper.DotSettings = Resharper.DotSettings
		script-publish.ps1 = script-publish.ps1
		SolutionInfo.cs = SolutionInfo.cs
	EndProjectSection
EndProject
Project("{9A19103F-16F7-4668-BE54-9A1E7A4F7556}") = "SeeingSharp.SampleContainer", "Samples\SeeingSharp.SampleContainer\SeeingSharp.SampleContainer.csproj", "{D4716317-A8EC-4605-86E8-D3755340368F}"
EndProject
Project("{FAE04EC0-301F-11D3-BF4B-00C04F79EFBC}") = "SeeingSharp.UwpSamples", "Samples\SeeingSharp.UwpSamples\SeeingSharp.UwpSamples.csproj", "{BFD179BE-D61F-470D-9669-84AD9372F06B}"
EndProject
Project("{9A19103F-16F7-4668-BE54-9A1E7A4F7556}") = "SeeingSharp.WinFormsSamples", "Samples\SeeingSharp.WinFormsSamples\SeeingSharp.WinFormsSamples.csproj", "{2861261F-440A-44BC-A334-D4611D0673F0}"
EndProject
Project("{9A19103F-16F7-4668-BE54-9A1E7A4F7556}") = "SeeingSharp.WpfSamples", "Samples\SeeingSharp.WpfSamples\SeeingSharp.WpfSamples.csproj", "{37B0B699-DF5E-4761-8213-0F1C5F1B1481}"
EndProject
Project("{9A19103F-16F7-4668-BE54-9A1E7A4F7556}") = "SeeingSharp.WpfCore", "SeeingSharp.WpfCore\SeeingSharp.WpfCore.csproj", "{5980EA09-A658-4AED-8EF1-55A9A595278D}"
EndProject
Project("{9A19103F-16F7-4668-BE54-9A1E7A4F7556}") = "SeeingSharp.WpfCoreSamples", "Samples\SeeingSharp.WpfCoreSamples\SeeingSharp.WpfCoreSamples.csproj", "{1F4111AD-35D4-4072-B3FD-58F9AC55C117}"
EndProject
Project("{9A19103F-16F7-4668-BE54-9A1E7A4F7556}") = "SeeingSharp.WinFormsCore", "SeeingSharp.WinFormsCore\SeeingSharp.WinFormsCore.csproj", "{30A36B89-27BE-4F45-990B-2652C35875DF}"
EndProject
Project("{9A19103F-16F7-4668-BE54-9A1E7A4F7556}") = "SeeingSharp.WinFormsCoreSamples", "Samples\SeeingSharp.WinFormsCoreSamples\SeeingSharp.WinFormsCoreSamples.csproj", "{3F6BC61D-9866-4E3B-9923-159605628050}"
EndProject
Project("{2150E333-8FDC-42A3-9474-1A3956D46DE8}") = "Benchmarks", "Benchmarks", "{80BD7505-6F77-4282-9B15-F7D7E9EBADB5}"
EndProject
Project("{9A19103F-16F7-4668-BE54-9A1E7A4F7556}") = "SeeingSharp.Benchmarks.Math", "Benchmarks\SeeingSharp.Benchmarks.Math\SeeingSharp.Benchmarks.Math.csproj", "{148352A9-17CF-486A-AB34-752070801304}"
EndProject
Global
	GlobalSection(SolutionConfigurationPlatforms) = preSolution
		Debug|Any CPU = Debug|Any CPU
		Debug|ARM = Debug|ARM
		Debug|ARM64 = Debug|ARM64
		Debug|x64 = Debug|x64
		Debug|x86 = Debug|x86
		Release|Any CPU = Release|Any CPU
		Release|ARM = Release|ARM
		Release|ARM64 = Release|ARM64
		Release|x64 = Release|x64
		Release|x86 = Release|x86
	EndGlobalSection
	GlobalSection(ProjectConfigurationPlatforms) = postSolution
		{A4B14753-77FD-42D4-80E3-BA9DDB80AC34}.Debug|Any CPU.ActiveCfg = Debug|Any CPU
		{A4B14753-77FD-42D4-80E3-BA9DDB80AC34}.Debug|Any CPU.Build.0 = Debug|Any CPU
		{A4B14753-77FD-42D4-80E3-BA9DDB80AC34}.Debug|ARM.ActiveCfg = Debug|Any CPU
		{A4B14753-77FD-42D4-80E3-BA9DDB80AC34}.Debug|ARM.Build.0 = Debug|Any CPU
		{A4B14753-77FD-42D4-80E3-BA9DDB80AC34}.Debug|ARM64.ActiveCfg = Debug|Any CPU
		{A4B14753-77FD-42D4-80E3-BA9DDB80AC34}.Debug|ARM64.Build.0 = Debug|Any CPU
		{A4B14753-77FD-42D4-80E3-BA9DDB80AC34}.Debug|x64.ActiveCfg = Debug|Any CPU
		{A4B14753-77FD-42D4-80E3-BA9DDB80AC34}.Debug|x64.Build.0 = Debug|Any CPU
		{A4B14753-77FD-42D4-80E3-BA9DDB80AC34}.Debug|x86.ActiveCfg = Debug|Any CPU
		{A4B14753-77FD-42D4-80E3-BA9DDB80AC34}.Debug|x86.Build.0 = Debug|Any CPU
		{A4B14753-77FD-42D4-80E3-BA9DDB80AC34}.Release|Any CPU.ActiveCfg = Release|Any CPU
		{A4B14753-77FD-42D4-80E3-BA9DDB80AC34}.Release|Any CPU.Build.0 = Release|Any CPU
		{A4B14753-77FD-42D4-80E3-BA9DDB80AC34}.Release|ARM.ActiveCfg = Release|Any CPU
		{A4B14753-77FD-42D4-80E3-BA9DDB80AC34}.Release|ARM.Build.0 = Release|Any CPU
		{A4B14753-77FD-42D4-80E3-BA9DDB80AC34}.Release|ARM64.ActiveCfg = Release|Any CPU
		{A4B14753-77FD-42D4-80E3-BA9DDB80AC34}.Release|ARM64.Build.0 = Release|Any CPU
		{A4B14753-77FD-42D4-80E3-BA9DDB80AC34}.Release|x64.ActiveCfg = Release|Any CPU
		{A4B14753-77FD-42D4-80E3-BA9DDB80AC34}.Release|x64.Build.0 = Release|Any CPU
		{A4B14753-77FD-42D4-80E3-BA9DDB80AC34}.Release|x86.ActiveCfg = Release|Any CPU
		{A4B14753-77FD-42D4-80E3-BA9DDB80AC34}.Release|x86.Build.0 = Release|Any CPU
		{5988C93B-E668-4171-BCAE-7CB6E88920C9}.Debug|Any CPU.ActiveCfg = Debug|Any CPU
		{5988C93B-E668-4171-BCAE-7CB6E88920C9}.Debug|Any CPU.Build.0 = Debug|Any CPU
		{5988C93B-E668-4171-BCAE-7CB6E88920C9}.Debug|ARM.ActiveCfg = Debug|Any CPU
		{5988C93B-E668-4171-BCAE-7CB6E88920C9}.Debug|ARM.Build.0 = Debug|Any CPU
		{5988C93B-E668-4171-BCAE-7CB6E88920C9}.Debug|ARM64.ActiveCfg = Debug|Any CPU
		{5988C93B-E668-4171-BCAE-7CB6E88920C9}.Debug|ARM64.Build.0 = Debug|Any CPU
		{5988C93B-E668-4171-BCAE-7CB6E88920C9}.Debug|x64.ActiveCfg = Debug|Any CPU
		{5988C93B-E668-4171-BCAE-7CB6E88920C9}.Debug|x64.Build.0 = Debug|Any CPU
		{5988C93B-E668-4171-BCAE-7CB6E88920C9}.Debug|x86.ActiveCfg = Debug|Any CPU
		{5988C93B-E668-4171-BCAE-7CB6E88920C9}.Debug|x86.Build.0 = Debug|Any CPU
		{5988C93B-E668-4171-BCAE-7CB6E88920C9}.Release|Any CPU.ActiveCfg = Release|Any CPU
		{5988C93B-E668-4171-BCAE-7CB6E88920C9}.Release|Any CPU.Build.0 = Release|Any CPU
		{5988C93B-E668-4171-BCAE-7CB6E88920C9}.Release|ARM.ActiveCfg = Release|Any CPU
		{5988C93B-E668-4171-BCAE-7CB6E88920C9}.Release|ARM.Build.0 = Release|Any CPU
		{5988C93B-E668-4171-BCAE-7CB6E88920C9}.Release|ARM64.ActiveCfg = Release|Any CPU
		{5988C93B-E668-4171-BCAE-7CB6E88920C9}.Release|ARM64.Build.0 = Release|Any CPU
		{5988C93B-E668-4171-BCAE-7CB6E88920C9}.Release|x64.ActiveCfg = Release|Any CPU
		{5988C93B-E668-4171-BCAE-7CB6E88920C9}.Release|x64.Build.0 = Release|Any CPU
		{5988C93B-E668-4171-BCAE-7CB6E88920C9}.Release|x86.ActiveCfg = Release|Any CPU
		{5988C93B-E668-4171-BCAE-7CB6E88920C9}.Release|x86.Build.0 = Release|Any CPU
		{4D0FF6E2-AE9F-4B80-9285-CB4B8141A439}.Debug|Any CPU.ActiveCfg = Debug|Any CPU
		{4D0FF6E2-AE9F-4B80-9285-CB4B8141A439}.Debug|Any CPU.Build.0 = Debug|Any CPU
		{4D0FF6E2-AE9F-4B80-9285-CB4B8141A439}.Debug|ARM.ActiveCfg = Debug|Any CPU
		{4D0FF6E2-AE9F-4B80-9285-CB4B8141A439}.Debug|ARM.Build.0 = Debug|Any CPU
		{4D0FF6E2-AE9F-4B80-9285-CB4B8141A439}.Debug|ARM64.ActiveCfg = Debug|Any CPU
		{4D0FF6E2-AE9F-4B80-9285-CB4B8141A439}.Debug|ARM64.Build.0 = Debug|Any CPU
		{4D0FF6E2-AE9F-4B80-9285-CB4B8141A439}.Debug|x64.ActiveCfg = Debug|Any CPU
		{4D0FF6E2-AE9F-4B80-9285-CB4B8141A439}.Debug|x64.Build.0 = Debug|Any CPU
		{4D0FF6E2-AE9F-4B80-9285-CB4B8141A439}.Debug|x86.ActiveCfg = Debug|Any CPU
		{4D0FF6E2-AE9F-4B80-9285-CB4B8141A439}.Debug|x86.Build.0 = Debug|Any CPU
		{4D0FF6E2-AE9F-4B80-9285-CB4B8141A439}.Release|Any CPU.ActiveCfg = Release|Any CPU
		{4D0FF6E2-AE9F-4B80-9285-CB4B8141A439}.Release|Any CPU.Build.0 = Release|Any CPU
		{4D0FF6E2-AE9F-4B80-9285-CB4B8141A439}.Release|ARM.ActiveCfg = Release|Any CPU
		{4D0FF6E2-AE9F-4B80-9285-CB4B8141A439}.Release|ARM.Build.0 = Release|Any CPU
		{4D0FF6E2-AE9F-4B80-9285-CB4B8141A439}.Release|ARM64.ActiveCfg = Release|Any CPU
		{4D0FF6E2-AE9F-4B80-9285-CB4B8141A439}.Release|ARM64.Build.0 = Release|Any CPU
		{4D0FF6E2-AE9F-4B80-9285-CB4B8141A439}.Release|x64.ActiveCfg = Release|Any CPU
		{4D0FF6E2-AE9F-4B80-9285-CB4B8141A439}.Release|x64.Build.0 = Release|Any CPU
		{4D0FF6E2-AE9F-4B80-9285-CB4B8141A439}.Release|x86.ActiveCfg = Release|Any CPU
		{4D0FF6E2-AE9F-4B80-9285-CB4B8141A439}.Release|x86.Build.0 = Release|Any CPU
		{74AA889D-5C0E-4AC1-B37E-BFB75E5236C4}.Debug|Any CPU.ActiveCfg = Debug|Any CPU
		{74AA889D-5C0E-4AC1-B37E-BFB75E5236C4}.Debug|Any CPU.Build.0 = Debug|Any CPU
		{74AA889D-5C0E-4AC1-B37E-BFB75E5236C4}.Debug|ARM.ActiveCfg = Debug|Any CPU
		{74AA889D-5C0E-4AC1-B37E-BFB75E5236C4}.Debug|ARM.Build.0 = Debug|Any CPU
		{74AA889D-5C0E-4AC1-B37E-BFB75E5236C4}.Debug|ARM64.ActiveCfg = Debug|Any CPU
		{74AA889D-5C0E-4AC1-B37E-BFB75E5236C4}.Debug|ARM64.Build.0 = Debug|Any CPU
		{74AA889D-5C0E-4AC1-B37E-BFB75E5236C4}.Debug|x64.ActiveCfg = Debug|Any CPU
		{74AA889D-5C0E-4AC1-B37E-BFB75E5236C4}.Debug|x64.Build.0 = Debug|Any CPU
		{74AA889D-5C0E-4AC1-B37E-BFB75E5236C4}.Debug|x86.ActiveCfg = Debug|Any CPU
		{74AA889D-5C0E-4AC1-B37E-BFB75E5236C4}.Debug|x86.Build.0 = Debug|Any CPU
		{74AA889D-5C0E-4AC1-B37E-BFB75E5236C4}.Release|Any CPU.ActiveCfg = Release|Any CPU
		{74AA889D-5C0E-4AC1-B37E-BFB75E5236C4}.Release|Any CPU.Build.0 = Release|Any CPU
		{74AA889D-5C0E-4AC1-B37E-BFB75E5236C4}.Release|ARM.ActiveCfg = Release|Any CPU
		{74AA889D-5C0E-4AC1-B37E-BFB75E5236C4}.Release|ARM.Build.0 = Release|Any CPU
		{74AA889D-5C0E-4AC1-B37E-BFB75E5236C4}.Release|ARM64.ActiveCfg = Release|Any CPU
		{74AA889D-5C0E-4AC1-B37E-BFB75E5236C4}.Release|ARM64.Build.0 = Release|Any CPU
		{74AA889D-5C0E-4AC1-B37E-BFB75E5236C4}.Release|x64.ActiveCfg = Release|Any CPU
		{74AA889D-5C0E-4AC1-B37E-BFB75E5236C4}.Release|x64.Build.0 = Release|Any CPU
		{74AA889D-5C0E-4AC1-B37E-BFB75E5236C4}.Release|x86.ActiveCfg = Release|Any CPU
		{74AA889D-5C0E-4AC1-B37E-BFB75E5236C4}.Release|x86.Build.0 = Release|Any CPU
		{4FA605DB-7FC0-46A1-9741-5B07E394D5A3}.Debug|Any CPU.ActiveCfg = Debug|Any CPU
		{4FA605DB-7FC0-46A1-9741-5B07E394D5A3}.Debug|Any CPU.Build.0 = Debug|Any CPU
		{4FA605DB-7FC0-46A1-9741-5B07E394D5A3}.Debug|ARM.ActiveCfg = Debug|Any CPU
		{4FA605DB-7FC0-46A1-9741-5B07E394D5A3}.Debug|ARM.Build.0 = Debug|Any CPU
		{4FA605DB-7FC0-46A1-9741-5B07E394D5A3}.Debug|ARM64.ActiveCfg = Debug|Any CPU
		{4FA605DB-7FC0-46A1-9741-5B07E394D5A3}.Debug|ARM64.Build.0 = Debug|Any CPU
		{4FA605DB-7FC0-46A1-9741-5B07E394D5A3}.Debug|x64.ActiveCfg = Debug|Any CPU
		{4FA605DB-7FC0-46A1-9741-5B07E394D5A3}.Debug|x64.Build.0 = Debug|Any CPU
		{4FA605DB-7FC0-46A1-9741-5B07E394D5A3}.Debug|x86.ActiveCfg = Debug|Any CPU
		{4FA605DB-7FC0-46A1-9741-5B07E394D5A3}.Debug|x86.Build.0 = Debug|Any CPU
		{4FA605DB-7FC0-46A1-9741-5B07E394D5A3}.Release|Any CPU.ActiveCfg = Release|Any CPU
		{4FA605DB-7FC0-46A1-9741-5B07E394D5A3}.Release|Any CPU.Build.0 = Release|Any CPU
		{4FA605DB-7FC0-46A1-9741-5B07E394D5A3}.Release|ARM.ActiveCfg = Release|Any CPU
		{4FA605DB-7FC0-46A1-9741-5B07E394D5A3}.Release|ARM.Build.0 = Release|Any CPU
		{4FA605DB-7FC0-46A1-9741-5B07E394D5A3}.Release|ARM64.ActiveCfg = Release|Any CPU
		{4FA605DB-7FC0-46A1-9741-5B07E394D5A3}.Release|ARM64.Build.0 = Release|Any CPU
		{4FA605DB-7FC0-46A1-9741-5B07E394D5A3}.Release|x64.ActiveCfg = Release|Any CPU
		{4FA605DB-7FC0-46A1-9741-5B07E394D5A3}.Release|x64.Build.0 = Release|Any CPU
		{4FA605DB-7FC0-46A1-9741-5B07E394D5A3}.Release|x86.ActiveCfg = Release|Any CPU
		{4FA605DB-7FC0-46A1-9741-5B07E394D5A3}.Release|x86.Build.0 = Release|Any CPU
		{D4716317-A8EC-4605-86E8-D3755340368F}.Debug|Any CPU.ActiveCfg = Debug|Any CPU
		{D4716317-A8EC-4605-86E8-D3755340368F}.Debug|Any CPU.Build.0 = Debug|Any CPU
		{D4716317-A8EC-4605-86E8-D3755340368F}.Debug|ARM.ActiveCfg = Debug|Any CPU
		{D4716317-A8EC-4605-86E8-D3755340368F}.Debug|ARM.Build.0 = Debug|Any CPU
		{D4716317-A8EC-4605-86E8-D3755340368F}.Debug|ARM64.ActiveCfg = Debug|Any CPU
		{D4716317-A8EC-4605-86E8-D3755340368F}.Debug|ARM64.Build.0 = Debug|Any CPU
		{D4716317-A8EC-4605-86E8-D3755340368F}.Debug|x64.ActiveCfg = Debug|Any CPU
		{D4716317-A8EC-4605-86E8-D3755340368F}.Debug|x64.Build.0 = Debug|Any CPU
		{D4716317-A8EC-4605-86E8-D3755340368F}.Debug|x86.ActiveCfg = Debug|Any CPU
		{D4716317-A8EC-4605-86E8-D3755340368F}.Debug|x86.Build.0 = Debug|Any CPU
		{D4716317-A8EC-4605-86E8-D3755340368F}.Release|Any CPU.ActiveCfg = Release|Any CPU
		{D4716317-A8EC-4605-86E8-D3755340368F}.Release|Any CPU.Build.0 = Release|Any CPU
		{D4716317-A8EC-4605-86E8-D3755340368F}.Release|ARM.ActiveCfg = Release|Any CPU
		{D4716317-A8EC-4605-86E8-D3755340368F}.Release|ARM.Build.0 = Release|Any CPU
		{D4716317-A8EC-4605-86E8-D3755340368F}.Release|ARM64.ActiveCfg = Release|Any CPU
		{D4716317-A8EC-4605-86E8-D3755340368F}.Release|ARM64.Build.0 = Release|Any CPU
		{D4716317-A8EC-4605-86E8-D3755340368F}.Release|x64.ActiveCfg = Release|Any CPU
		{D4716317-A8EC-4605-86E8-D3755340368F}.Release|x64.Build.0 = Release|Any CPU
		{D4716317-A8EC-4605-86E8-D3755340368F}.Release|x86.ActiveCfg = Release|Any CPU
		{D4716317-A8EC-4605-86E8-D3755340368F}.Release|x86.Build.0 = Release|Any CPU
		{BFD179BE-D61F-470D-9669-84AD9372F06B}.Debug|Any CPU.ActiveCfg = Debug|x86
		{BFD179BE-D61F-470D-9669-84AD9372F06B}.Debug|Any CPU.Build.0 = Debug|x86
		{BFD179BE-D61F-470D-9669-84AD9372F06B}.Debug|Any CPU.Deploy.0 = Debug|x86
		{BFD179BE-D61F-470D-9669-84AD9372F06B}.Debug|ARM.ActiveCfg = Debug|ARM
		{BFD179BE-D61F-470D-9669-84AD9372F06B}.Debug|ARM.Build.0 = Debug|ARM
		{BFD179BE-D61F-470D-9669-84AD9372F06B}.Debug|ARM.Deploy.0 = Debug|ARM
		{BFD179BE-D61F-470D-9669-84AD9372F06B}.Debug|ARM64.ActiveCfg = Debug|ARM
		{BFD179BE-D61F-470D-9669-84AD9372F06B}.Debug|ARM64.Build.0 = Debug|ARM
		{BFD179BE-D61F-470D-9669-84AD9372F06B}.Debug|ARM64.Deploy.0 = Debug|ARM
		{BFD179BE-D61F-470D-9669-84AD9372F06B}.Debug|x64.ActiveCfg = Debug|x64
		{BFD179BE-D61F-470D-9669-84AD9372F06B}.Debug|x64.Build.0 = Debug|x64
		{BFD179BE-D61F-470D-9669-84AD9372F06B}.Debug|x64.Deploy.0 = Debug|x64
		{BFD179BE-D61F-470D-9669-84AD9372F06B}.Debug|x86.ActiveCfg = Debug|x86
		{BFD179BE-D61F-470D-9669-84AD9372F06B}.Debug|x86.Build.0 = Debug|x86
		{BFD179BE-D61F-470D-9669-84AD9372F06B}.Debug|x86.Deploy.0 = Debug|x86
		{BFD179BE-D61F-470D-9669-84AD9372F06B}.Release|Any CPU.ActiveCfg = Release|x86
		{BFD179BE-D61F-470D-9669-84AD9372F06B}.Release|Any CPU.Build.0 = Release|x86
		{BFD179BE-D61F-470D-9669-84AD9372F06B}.Release|Any CPU.Deploy.0 = Release|x86
		{BFD179BE-D61F-470D-9669-84AD9372F06B}.Release|ARM.ActiveCfg = Release|ARM
		{BFD179BE-D61F-470D-9669-84AD9372F06B}.Release|ARM.Build.0 = Release|ARM
		{BFD179BE-D61F-470D-9669-84AD9372F06B}.Release|ARM.Deploy.0 = Release|ARM
		{BFD179BE-D61F-470D-9669-84AD9372F06B}.Release|ARM64.ActiveCfg = Release|ARM
		{BFD179BE-D61F-470D-9669-84AD9372F06B}.Release|ARM64.Build.0 = Release|ARM
		{BFD179BE-D61F-470D-9669-84AD9372F06B}.Release|ARM64.Deploy.0 = Release|ARM
		{BFD179BE-D61F-470D-9669-84AD9372F06B}.Release|x64.ActiveCfg = Release|x64
		{BFD179BE-D61F-470D-9669-84AD9372F06B}.Release|x64.Build.0 = Release|x64
		{BFD179BE-D61F-470D-9669-84AD9372F06B}.Release|x64.Deploy.0 = Release|x64
		{BFD179BE-D61F-470D-9669-84AD9372F06B}.Release|x86.ActiveCfg = Release|x86
		{BFD179BE-D61F-470D-9669-84AD9372F06B}.Release|x86.Build.0 = Release|x86
		{BFD179BE-D61F-470D-9669-84AD9372F06B}.Release|x86.Deploy.0 = Release|x86
		{2861261F-440A-44BC-A334-D4611D0673F0}.Debug|Any CPU.ActiveCfg = Debug|Any CPU
		{2861261F-440A-44BC-A334-D4611D0673F0}.Debug|Any CPU.Build.0 = Debug|Any CPU
		{2861261F-440A-44BC-A334-D4611D0673F0}.Debug|ARM.ActiveCfg = Debug|Any CPU
		{2861261F-440A-44BC-A334-D4611D0673F0}.Debug|ARM.Build.0 = Debug|Any CPU
		{2861261F-440A-44BC-A334-D4611D0673F0}.Debug|ARM64.ActiveCfg = Debug|Any CPU
		{2861261F-440A-44BC-A334-D4611D0673F0}.Debug|ARM64.Build.0 = Debug|Any CPU
		{2861261F-440A-44BC-A334-D4611D0673F0}.Debug|x64.ActiveCfg = Debug|Any CPU
		{2861261F-440A-44BC-A334-D4611D0673F0}.Debug|x64.Build.0 = Debug|Any CPU
		{2861261F-440A-44BC-A334-D4611D0673F0}.Debug|x86.ActiveCfg = Debug|Any CPU
		{2861261F-440A-44BC-A334-D4611D0673F0}.Debug|x86.Build.0 = Debug|Any CPU
		{2861261F-440A-44BC-A334-D4611D0673F0}.Release|Any CPU.ActiveCfg = Release|Any CPU
		{2861261F-440A-44BC-A334-D4611D0673F0}.Release|Any CPU.Build.0 = Release|Any CPU
		{2861261F-440A-44BC-A334-D4611D0673F0}.Release|ARM.ActiveCfg = Release|Any CPU
		{2861261F-440A-44BC-A334-D4611D0673F0}.Release|ARM.Build.0 = Release|Any CPU
		{2861261F-440A-44BC-A334-D4611D0673F0}.Release|ARM64.ActiveCfg = Release|Any CPU
		{2861261F-440A-44BC-A334-D4611D0673F0}.Release|ARM64.Build.0 = Release|Any CPU
		{2861261F-440A-44BC-A334-D4611D0673F0}.Release|x64.ActiveCfg = Release|Any CPU
		{2861261F-440A-44BC-A334-D4611D0673F0}.Release|x64.Build.0 = Release|Any CPU
		{2861261F-440A-44BC-A334-D4611D0673F0}.Release|x86.ActiveCfg = Release|Any CPU
		{2861261F-440A-44BC-A334-D4611D0673F0}.Release|x86.Build.0 = Release|Any CPU
		{37B0B699-DF5E-4761-8213-0F1C5F1B1481}.Debug|Any CPU.ActiveCfg = Debug|Any CPU
		{37B0B699-DF5E-4761-8213-0F1C5F1B1481}.Debug|Any CPU.Build.0 = Debug|Any CPU
		{37B0B699-DF5E-4761-8213-0F1C5F1B1481}.Debug|ARM.ActiveCfg = Debug|Any CPU
		{37B0B699-DF5E-4761-8213-0F1C5F1B1481}.Debug|ARM.Build.0 = Debug|Any CPU
		{37B0B699-DF5E-4761-8213-0F1C5F1B1481}.Debug|ARM64.ActiveCfg = Debug|Any CPU
		{37B0B699-DF5E-4761-8213-0F1C5F1B1481}.Debug|ARM64.Build.0 = Debug|Any CPU
		{37B0B699-DF5E-4761-8213-0F1C5F1B1481}.Debug|x64.ActiveCfg = Debug|Any CPU
		{37B0B699-DF5E-4761-8213-0F1C5F1B1481}.Debug|x64.Build.0 = Debug|Any CPU
		{37B0B699-DF5E-4761-8213-0F1C5F1B1481}.Debug|x86.ActiveCfg = Debug|Any CPU
		{37B0B699-DF5E-4761-8213-0F1C5F1B1481}.Debug|x86.Build.0 = Debug|Any CPU
		{37B0B699-DF5E-4761-8213-0F1C5F1B1481}.Release|Any CPU.ActiveCfg = Release|Any CPU
		{37B0B699-DF5E-4761-8213-0F1C5F1B1481}.Release|Any CPU.Build.0 = Release|Any CPU
		{37B0B699-DF5E-4761-8213-0F1C5F1B1481}.Release|ARM.ActiveCfg = Release|Any CPU
		{37B0B699-DF5E-4761-8213-0F1C5F1B1481}.Release|ARM.Build.0 = Release|Any CPU
		{37B0B699-DF5E-4761-8213-0F1C5F1B1481}.Release|ARM64.ActiveCfg = Release|Any CPU
		{37B0B699-DF5E-4761-8213-0F1C5F1B1481}.Release|ARM64.Build.0 = Release|Any CPU
		{37B0B699-DF5E-4761-8213-0F1C5F1B1481}.Release|x64.ActiveCfg = Release|Any CPU
		{37B0B699-DF5E-4761-8213-0F1C5F1B1481}.Release|x64.Build.0 = Release|Any CPU
		{37B0B699-DF5E-4761-8213-0F1C5F1B1481}.Release|x86.ActiveCfg = Release|Any CPU
		{37B0B699-DF5E-4761-8213-0F1C5F1B1481}.Release|x86.Build.0 = Release|Any CPU
		{5980EA09-A658-4AED-8EF1-55A9A595278D}.Debug|Any CPU.ActiveCfg = Debug|Any CPU
		{5980EA09-A658-4AED-8EF1-55A9A595278D}.Debug|Any CPU.Build.0 = Debug|Any CPU
		{5980EA09-A658-4AED-8EF1-55A9A595278D}.Debug|ARM.ActiveCfg = Debug|Any CPU
		{5980EA09-A658-4AED-8EF1-55A9A595278D}.Debug|ARM.Build.0 = Debug|Any CPU
		{5980EA09-A658-4AED-8EF1-55A9A595278D}.Debug|ARM64.ActiveCfg = Debug|Any CPU
		{5980EA09-A658-4AED-8EF1-55A9A595278D}.Debug|ARM64.Build.0 = Debug|Any CPU
		{5980EA09-A658-4AED-8EF1-55A9A595278D}.Debug|x64.ActiveCfg = Debug|Any CPU
		{5980EA09-A658-4AED-8EF1-55A9A595278D}.Debug|x64.Build.0 = Debug|Any CPU
		{5980EA09-A658-4AED-8EF1-55A9A595278D}.Debug|x86.ActiveCfg = Debug|Any CPU
		{5980EA09-A658-4AED-8EF1-55A9A595278D}.Debug|x86.Build.0 = Debug|Any CPU
		{5980EA09-A658-4AED-8EF1-55A9A595278D}.Release|Any CPU.ActiveCfg = Release|Any CPU
		{5980EA09-A658-4AED-8EF1-55A9A595278D}.Release|Any CPU.Build.0 = Release|Any CPU
		{5980EA09-A658-4AED-8EF1-55A9A595278D}.Release|ARM.ActiveCfg = Release|Any CPU
		{5980EA09-A658-4AED-8EF1-55A9A595278D}.Release|ARM.Build.0 = Release|Any CPU
		{5980EA09-A658-4AED-8EF1-55A9A595278D}.Release|ARM64.ActiveCfg = Release|Any CPU
		{5980EA09-A658-4AED-8EF1-55A9A595278D}.Release|ARM64.Build.0 = Release|Any CPU
		{5980EA09-A658-4AED-8EF1-55A9A595278D}.Release|x64.ActiveCfg = Release|Any CPU
		{5980EA09-A658-4AED-8EF1-55A9A595278D}.Release|x64.Build.0 = Release|Any CPU
		{5980EA09-A658-4AED-8EF1-55A9A595278D}.Release|x86.ActiveCfg = Release|Any CPU
		{5980EA09-A658-4AED-8EF1-55A9A595278D}.Release|x86.Build.0 = Release|Any CPU
		{1F4111AD-35D4-4072-B3FD-58F9AC55C117}.Debug|Any CPU.ActiveCfg = Debug|Any CPU
		{1F4111AD-35D4-4072-B3FD-58F9AC55C117}.Debug|Any CPU.Build.0 = Debug|Any CPU
		{1F4111AD-35D4-4072-B3FD-58F9AC55C117}.Debug|ARM.ActiveCfg = Debug|Any CPU
		{1F4111AD-35D4-4072-B3FD-58F9AC55C117}.Debug|ARM.Build.0 = Debug|Any CPU
		{1F4111AD-35D4-4072-B3FD-58F9AC55C117}.Debug|ARM64.ActiveCfg = Debug|Any CPU
		{1F4111AD-35D4-4072-B3FD-58F9AC55C117}.Debug|ARM64.Build.0 = Debug|Any CPU
		{1F4111AD-35D4-4072-B3FD-58F9AC55C117}.Debug|x64.ActiveCfg = Debug|Any CPU
		{1F4111AD-35D4-4072-B3FD-58F9AC55C117}.Debug|x64.Build.0 = Debug|Any CPU
		{1F4111AD-35D4-4072-B3FD-58F9AC55C117}.Debug|x86.ActiveCfg = Debug|Any CPU
		{1F4111AD-35D4-4072-B3FD-58F9AC55C117}.Debug|x86.Build.0 = Debug|Any CPU
		{1F4111AD-35D4-4072-B3FD-58F9AC55C117}.Release|Any CPU.ActiveCfg = Release|Any CPU
		{1F4111AD-35D4-4072-B3FD-58F9AC55C117}.Release|Any CPU.Build.0 = Release|Any CPU
		{1F4111AD-35D4-4072-B3FD-58F9AC55C117}.Release|ARM.ActiveCfg = Release|Any CPU
		{1F4111AD-35D4-4072-B3FD-58F9AC55C117}.Release|ARM.Build.0 = Release|Any CPU
		{1F4111AD-35D4-4072-B3FD-58F9AC55C117}.Release|ARM64.ActiveCfg = Release|Any CPU
		{1F4111AD-35D4-4072-B3FD-58F9AC55C117}.Release|ARM64.Build.0 = Release|Any CPU
		{1F4111AD-35D4-4072-B3FD-58F9AC55C117}.Release|x64.ActiveCfg = Release|Any CPU
		{1F4111AD-35D4-4072-B3FD-58F9AC55C117}.Release|x64.Build.0 = Release|Any CPU
		{1F4111AD-35D4-4072-B3FD-58F9AC55C117}.Release|x86.ActiveCfg = Release|Any CPU
		{1F4111AD-35D4-4072-B3FD-58F9AC55C117}.Release|x86.Build.0 = Release|Any CPU
		{30A36B89-27BE-4F45-990B-2652C35875DF}.Debug|Any CPU.ActiveCfg = Debug|Any CPU
		{30A36B89-27BE-4F45-990B-2652C35875DF}.Debug|Any CPU.Build.0 = Debug|Any CPU
		{30A36B89-27BE-4F45-990B-2652C35875DF}.Debug|ARM.ActiveCfg = Debug|Any CPU
		{30A36B89-27BE-4F45-990B-2652C35875DF}.Debug|ARM.Build.0 = Debug|Any CPU
		{30A36B89-27BE-4F45-990B-2652C35875DF}.Debug|ARM64.ActiveCfg = Debug|Any CPU
		{30A36B89-27BE-4F45-990B-2652C35875DF}.Debug|ARM64.Build.0 = Debug|Any CPU
		{30A36B89-27BE-4F45-990B-2652C35875DF}.Debug|x64.ActiveCfg = Debug|Any CPU
		{30A36B89-27BE-4F45-990B-2652C35875DF}.Debug|x64.Build.0 = Debug|Any CPU
		{30A36B89-27BE-4F45-990B-2652C35875DF}.Debug|x86.ActiveCfg = Debug|Any CPU
		{30A36B89-27BE-4F45-990B-2652C35875DF}.Debug|x86.Build.0 = Debug|Any CPU
		{30A36B89-27BE-4F45-990B-2652C35875DF}.Release|Any CPU.ActiveCfg = Release|Any CPU
		{30A36B89-27BE-4F45-990B-2652C35875DF}.Release|Any CPU.Build.0 = Release|Any CPU
		{30A36B89-27BE-4F45-990B-2652C35875DF}.Release|ARM.ActiveCfg = Release|Any CPU
		{30A36B89-27BE-4F45-990B-2652C35875DF}.Release|ARM.Build.0 = Release|Any CPU
		{30A36B89-27BE-4F45-990B-2652C35875DF}.Release|ARM64.ActiveCfg = Release|Any CPU
		{30A36B89-27BE-4F45-990B-2652C35875DF}.Release|ARM64.Build.0 = Release|Any CPU
		{30A36B89-27BE-4F45-990B-2652C35875DF}.Release|x64.ActiveCfg = Release|Any CPU
		{30A36B89-27BE-4F45-990B-2652C35875DF}.Release|x64.Build.0 = Release|Any CPU
		{30A36B89-27BE-4F45-990B-2652C35875DF}.Release|x86.ActiveCfg = Release|Any CPU
		{30A36B89-27BE-4F45-990B-2652C35875DF}.Release|x86.Build.0 = Release|Any CPU
		{3F6BC61D-9866-4E3B-9923-159605628050}.Debug|Any CPU.ActiveCfg = Debug|Any CPU
		{3F6BC61D-9866-4E3B-9923-159605628050}.Debug|Any CPU.Build.0 = Debug|Any CPU
		{3F6BC61D-9866-4E3B-9923-159605628050}.Debug|ARM.ActiveCfg = Debug|Any CPU
		{3F6BC61D-9866-4E3B-9923-159605628050}.Debug|ARM.Build.0 = Debug|Any CPU
		{3F6BC61D-9866-4E3B-9923-159605628050}.Debug|ARM64.ActiveCfg = Debug|Any CPU
		{3F6BC61D-9866-4E3B-9923-159605628050}.Debug|ARM64.Build.0 = Debug|Any CPU
		{3F6BC61D-9866-4E3B-9923-159605628050}.Debug|x64.ActiveCfg = Debug|Any CPU
		{3F6BC61D-9866-4E3B-9923-159605628050}.Debug|x64.Build.0 = Debug|Any CPU
		{3F6BC61D-9866-4E3B-9923-159605628050}.Debug|x86.ActiveCfg = Debug|Any CPU
		{3F6BC61D-9866-4E3B-9923-159605628050}.Debug|x86.Build.0 = Debug|Any CPU
		{3F6BC61D-9866-4E3B-9923-159605628050}.Release|Any CPU.ActiveCfg = Release|Any CPU
		{3F6BC61D-9866-4E3B-9923-159605628050}.Release|Any CPU.Build.0 = Release|Any CPU
		{3F6BC61D-9866-4E3B-9923-159605628050}.Release|ARM.ActiveCfg = Release|Any CPU
		{3F6BC61D-9866-4E3B-9923-159605628050}.Release|ARM.Build.0 = Release|Any CPU
		{3F6BC61D-9866-4E3B-9923-159605628050}.Release|ARM64.ActiveCfg = Release|Any CPU
		{3F6BC61D-9866-4E3B-9923-159605628050}.Release|ARM64.Build.0 = Release|Any CPU
		{3F6BC61D-9866-4E3B-9923-159605628050}.Release|x64.ActiveCfg = Release|Any CPU
		{3F6BC61D-9866-4E3B-9923-159605628050}.Release|x64.Build.0 = Release|Any CPU
		{3F6BC61D-9866-4E3B-9923-159605628050}.Release|x86.ActiveCfg = Release|Any CPU
		{3F6BC61D-9866-4E3B-9923-159605628050}.Release|x86.Build.0 = Release|Any CPU
		{148352A9-17CF-486A-AB34-752070801304}.Debug|Any CPU.ActiveCfg = Debug|Any CPU
		{148352A9-17CF-486A-AB34-752070801304}.Debug|Any CPU.Build.0 = Debug|Any CPU
		{148352A9-17CF-486A-AB34-752070801304}.Debug|ARM.ActiveCfg = Debug|Any CPU
		{148352A9-17CF-486A-AB34-752070801304}.Debug|ARM.Build.0 = Debug|Any CPU
		{148352A9-17CF-486A-AB34-752070801304}.Debug|ARM64.ActiveCfg = Debug|Any CPU
		{148352A9-17CF-486A-AB34-752070801304}.Debug|ARM64.Build.0 = Debug|Any CPU
		{148352A9-17CF-486A-AB34-752070801304}.Debug|x64.ActiveCfg = Debug|Any CPU
		{148352A9-17CF-486A-AB34-752070801304}.Debug|x64.Build.0 = Debug|Any CPU
		{148352A9-17CF-486A-AB34-752070801304}.Debug|x86.ActiveCfg = Debug|Any CPU
		{148352A9-17CF-486A-AB34-752070801304}.Debug|x86.Build.0 = Debug|Any CPU
		{148352A9-17CF-486A-AB34-752070801304}.Release|Any CPU.ActiveCfg = Release|Any CPU
		{148352A9-17CF-486A-AB34-752070801304}.Release|Any CPU.Build.0 = Release|Any CPU
		{148352A9-17CF-486A-AB34-752070801304}.Release|ARM.ActiveCfg = Release|Any CPU
		{148352A9-17CF-486A-AB34-752070801304}.Release|ARM.Build.0 = Release|Any CPU
		{148352A9-17CF-486A-AB34-752070801304}.Release|ARM64.ActiveCfg = Release|Any CPU
		{148352A9-17CF-486A-AB34-752070801304}.Release|ARM64.Build.0 = Release|Any CPU
		{148352A9-17CF-486A-AB34-752070801304}.Release|x64.ActiveCfg = Release|Any CPU
		{148352A9-17CF-486A-AB34-752070801304}.Release|x64.Build.0 = Release|Any CPU
		{148352A9-17CF-486A-AB34-752070801304}.Release|x86.ActiveCfg = Release|Any CPU
		{148352A9-17CF-486A-AB34-752070801304}.Release|x86.Build.0 = Release|Any CPU
	EndGlobalSection
	GlobalSection(SolutionProperties) = preSolution
		HideSolutionNode = FALSE
	EndGlobalSection
	GlobalSection(NestedProjects) = preSolution
		{D4716317-A8EC-4605-86E8-D3755340368F} = {790928B0-DED6-4996-9BAE-421B79C36561}
		{BFD179BE-D61F-470D-9669-84AD9372F06B} = {790928B0-DED6-4996-9BAE-421B79C36561}
		{2861261F-440A-44BC-A334-D4611D0673F0} = {790928B0-DED6-4996-9BAE-421B79C36561}
		{37B0B699-DF5E-4761-8213-0F1C5F1B1481} = {790928B0-DED6-4996-9BAE-421B79C36561}
		{1F4111AD-35D4-4072-B3FD-58F9AC55C117} = {790928B0-DED6-4996-9BAE-421B79C36561}
		{3F6BC61D-9866-4E3B-9923-159605628050} = {790928B0-DED6-4996-9BAE-421B79C36561}
		{148352A9-17CF-486A-AB34-752070801304} = {80BD7505-6F77-4282-9B15-F7D7E9EBADB5}
	EndGlobalSection
	GlobalSection(ExtensibilityGlobals) = postSolution
		SolutionGuid = {0F49729B-7B64-4341-BE26-B12CF5E5D93B}
	EndGlobalSection
	GlobalSection(Performance) = preSolution
		HasPerformanceSessions = true
	EndGlobalSection
EndGlobal
