
Microsoft Visual Studio Solution File, Format Version 12.00
# Visual Studio 15
VisualStudioVersion = 15.0.27703.2026
MinimumVisualStudioVersion = 10.0.40219.1
Project("{2150E333-8FDC-42A3-9474-1A3956D46DE8}") = "_Samples", "_Samples", "{790928B0-DED6-4996-9BAE-421B79C36561}"
EndProject
Project("{FAE04EC0-301F-11D3-BF4B-00C04F79EFBC}") = "SeeingSharp.WinForms", "SeeingSharp.WinForms\SeeingSharp.WinForms.csproj", "{A4B14753-77FD-42D4-80E3-BA9DDB80AC34}"
EndProject
Project("{FAE04EC0-301F-11D3-BF4B-00C04F79EFBC}") = "SeeingSharp.Uwp", "SeeingSharp.Uwp\SeeingSharp.Uwp.csproj", "{5988C93B-E668-4171-BCAE-7CB6E88920C9}"
EndProject
Project("{FAE04EC0-301F-11D3-BF4B-00C04F79EFBC}") = "SeeingSharp.UwpSamples", "_Samples\SeeingSharp.UwpSamples\SeeingSharp.UwpSamples.csproj", "{BFD179BE-D61F-470D-9669-84AD9372F06B}"
EndProject
Project("{FAE04EC0-301F-11D3-BF4B-00C04F79EFBC}") = "SeeingSharp.Wpf", "SeeingSharp.Wpf\SeeingSharp.Wpf.csproj", "{4D0FF6E2-AE9F-4B80-9285-CB4B8141A439}"
EndProject
Project("{FAE04EC0-301F-11D3-BF4B-00C04F79EFBC}") = "SeeingSharp.WpfSamples", "_Samples\SeeingSharp.WpfSamples\SeeingSharp.WpfSamples.csproj", "{37B0B699-DF5E-4761-8213-0F1C5F1B1481}"
EndProject
Project("{9A19103F-16F7-4668-BE54-9A1E7A4F7556}") = "SeeingSharp.SampleContainer", "_Samples\SeeingSharp.SampleContainer\SeeingSharp.SampleContainer.csproj", "{60BA236F-CF64-4C7F-854B-AA23CA910417}"
EndProject
Project("{9A19103F-16F7-4668-BE54-9A1E7A4F7556}") = "SeeingSharp", "SeeingSharp\SeeingSharp.csproj", "{74AA889D-5C0E-4AC1-B37E-BFB75E5236C4}"
EndProject
Project("{FAE04EC0-301F-11D3-BF4B-00C04F79EFBC}") = "SeeingSharp.Tests", "SeeingSharp.Tests\SeeingSharp.Tests.csproj", "{4FA605DB-7FC0-46A1-9741-5B07E394D5A3}"
EndProject
Global
	GlobalSection(SolutionConfigurationPlatforms) = preSolution
		Debug|Any CPU = Debug|Any CPU
		Release|Any CPU = Release|Any CPU
	EndGlobalSection
	GlobalSection(ProjectConfigurationPlatforms) = postSolution
		{A4B14753-77FD-42D4-80E3-BA9DDB80AC34}.Debug|Any CPU.ActiveCfg = Debug|Any CPU
		{A4B14753-77FD-42D4-80E3-BA9DDB80AC34}.Debug|Any CPU.Build.0 = Debug|Any CPU
		{A4B14753-77FD-42D4-80E3-BA9DDB80AC34}.Release|Any CPU.ActiveCfg = Release|Any CPU
		{A4B14753-77FD-42D4-80E3-BA9DDB80AC34}.Release|Any CPU.Build.0 = Release|Any CPU
		{5988C93B-E668-4171-BCAE-7CB6E88920C9}.Debug|Any CPU.ActiveCfg = Debug|Any CPU
		{5988C93B-E668-4171-BCAE-7CB6E88920C9}.Debug|Any CPU.Build.0 = Debug|Any CPU
		{5988C93B-E668-4171-BCAE-7CB6E88920C9}.Release|Any CPU.ActiveCfg = Release|Any CPU
		{5988C93B-E668-4171-BCAE-7CB6E88920C9}.Release|Any CPU.Build.0 = Release|Any CPU
		{BFD179BE-D61F-470D-9669-84AD9372F06B}.Debug|Any CPU.ActiveCfg = Debug|x86
		{BFD179BE-D61F-470D-9669-84AD9372F06B}.Debug|Any CPU.Build.0 = Debug|x86
		{BFD179BE-D61F-470D-9669-84AD9372F06B}.Debug|Any CPU.Deploy.0 = Debug|x86
		{BFD179BE-D61F-470D-9669-84AD9372F06B}.Release|Any CPU.ActiveCfg = Release|x86
		{BFD179BE-D61F-470D-9669-84AD9372F06B}.Release|Any CPU.Build.0 = Release|x86
		{BFD179BE-D61F-470D-9669-84AD9372F06B}.Release|Any CPU.Deploy.0 = Release|x86
		{4D0FF6E2-AE9F-4B80-9285-CB4B8141A439}.Debug|Any CPU.ActiveCfg = Debug|Any CPU
		{4D0FF6E2-AE9F-4B80-9285-CB4B8141A439}.Debug|Any CPU.Build.0 = Debug|Any CPU
		{4D0FF6E2-AE9F-4B80-9285-CB4B8141A439}.Release|Any CPU.ActiveCfg = Release|Any CPU
		{4D0FF6E2-AE9F-4B80-9285-CB4B8141A439}.Release|Any CPU.Build.0 = Release|Any CPU
		{37B0B699-DF5E-4761-8213-0F1C5F1B1481}.Debug|Any CPU.ActiveCfg = Debug|Any CPU
		{37B0B699-DF5E-4761-8213-0F1C5F1B1481}.Debug|Any CPU.Build.0 = Debug|Any CPU
		{37B0B699-DF5E-4761-8213-0F1C5F1B1481}.Release|Any CPU.ActiveCfg = Release|Any CPU
		{37B0B699-DF5E-4761-8213-0F1C5F1B1481}.Release|Any CPU.Build.0 = Release|Any CPU
		{60BA236F-CF64-4C7F-854B-AA23CA910417}.Debug|Any CPU.ActiveCfg = Debug|Any CPU
		{60BA236F-CF64-4C7F-854B-AA23CA910417}.Debug|Any CPU.Build.0 = Debug|Any CPU
		{60BA236F-CF64-4C7F-854B-AA23CA910417}.Release|Any CPU.ActiveCfg = Release|Any CPU
		{60BA236F-CF64-4C7F-854B-AA23CA910417}.Release|Any CPU.Build.0 = Release|Any CPU
		{74AA889D-5C0E-4AC1-B37E-BFB75E5236C4}.Debug|Any CPU.ActiveCfg = Debug|Any CPU
		{74AA889D-5C0E-4AC1-B37E-BFB75E5236C4}.Debug|Any CPU.Build.0 = Debug|Any CPU
		{74AA889D-5C0E-4AC1-B37E-BFB75E5236C4}.Release|Any CPU.ActiveCfg = Release|Any CPU
		{74AA889D-5C0E-4AC1-B37E-BFB75E5236C4}.Release|Any CPU.Build.0 = Release|Any CPU
		{4FA605DB-7FC0-46A1-9741-5B07E394D5A3}.Debug|Any CPU.ActiveCfg = Debug|Any CPU
		{4FA605DB-7FC0-46A1-9741-5B07E394D5A3}.Debug|Any CPU.Build.0 = Debug|Any CPU
		{4FA605DB-7FC0-46A1-9741-5B07E394D5A3}.Release|Any CPU.ActiveCfg = Release|Any CPU
		{4FA605DB-7FC0-46A1-9741-5B07E394D5A3}.Release|Any CPU.Build.0 = Release|Any CPU
	EndGlobalSection
	GlobalSection(SolutionProperties) = preSolution
		HideSolutionNode = FALSE
	EndGlobalSection
	GlobalSection(NestedProjects) = preSolution
		{BFD179BE-D61F-470D-9669-84AD9372F06B} = {790928B0-DED6-4996-9BAE-421B79C36561}
		{37B0B699-DF5E-4761-8213-0F1C5F1B1481} = {790928B0-DED6-4996-9BAE-421B79C36561}
		{60BA236F-CF64-4C7F-854B-AA23CA910417} = {790928B0-DED6-4996-9BAE-421B79C36561}
	EndGlobalSection
	GlobalSection(ExtensibilityGlobals) = postSolution
		SolutionGuid = {0F49729B-7B64-4341-BE26-B12CF5E5D93B}
	EndGlobalSection
	GlobalSection(Performance) = preSolution
		HasPerformanceSessions = true
	EndGlobalSection
EndGlobal
