
Microsoft Visual Studio Solution File, Format Version 12.00
# Visual Studio 15
VisualStudioVersion = 15.0.27703.2026
MinimumVisualStudioVersion = 10.0.40219.1
Project("{FAE04EC0-301F-11D3-BF4B-00C04F79EFBC}") = "SeeingSharp", "SeeingSharp\SeeingSharp.csproj", "{D81A4B09-9569-4EAD-AA4D-D2012ED30CBC}"
EndProject
Global
	GlobalSection(SolutionConfigurationPlatforms) = preSolution
		Debug|Any CPU = Debug|Any CPU
		Release|Any CPU = Release|Any CPU
	EndGlobalSection
	GlobalSection(ProjectConfigurationPlatforms) = postSolution
		{D81A4B09-9569-4EAD-AA4D-D2012ED30CBC}.Debug|Any CPU.ActiveCfg = Debug|Any CPU
		{D81A4B09-9569-4EAD-AA4D-D2012ED30CBC}.Debug|Any CPU.Build.0 = Debug|Any CPU
		{D81A4B09-9569-4EAD-AA4D-D2012ED30CBC}.Release|Any CPU.ActiveCfg = Release|Any CPU
		{D81A4B09-9569-4EAD-AA4D-D2012ED30CBC}.Release|Any CPU.Build.0 = Release|Any CPU
	EndGlobalSection
	GlobalSection(SolutionProperties) = preSolution
		HideSolutionNode = FALSE
	EndGlobalSection
	GlobalSection(ExtensibilityGlobals) = postSolution
		SolutionGuid = {0F49729B-7B64-4341-BE26-B12CF5E5D93B}
	EndGlobalSection
EndGlobal
